<?xml version="1.0" encoding="UTF-8" standalone="yes" ?>
<CodeBlocks_project_file>
	<FileVersion major="1" minor="6" />
	<Project>
		<Option title="Emu80SDL" />
		<Option execution_dir="D:/Projects/Emu80SDL/games/" />
		<Option pch_mode="2" />
		<Option compiler="gcc" />
		<Build>
			<Target title="Debug">
				<Option output="../win32/bin/Debug/Emu80SDL" prefix_auto="1" extension_auto="1" />
				<Option working_dir="../games" />
				<Option object_output="../win32/obj/Debug/" />
				<Option type="0" />
				<Option compiler="gcc" />
				<Compiler>
					<Add option="-g" />
					<Add option="-mno-ms-bitfields" />
				</Compiler>
			</Target>
			<Target title="Release">
				<Option output="../win32/bin/Release/Emu80SDL" prefix_auto="1" extension_auto="1" />
				<Option object_output="../win32/obj/Release/" />
				<Option type="0" />
				<Option compiler="gcc" />
				<Compiler>
					<Add option="-mno-ms-bitfields" />
				</Compiler>
				<Linker>
					<Add option="-s" />
				</Linker>
			</Target>
		</Build>
		<Compiler>
			<Add option="-Wall" />
			<Add directory="$(#sdl.include)/SDL" />
		</Compiler>
		<Linker>
			<Add library="mingw32" />
			<Add library="SDLmain" />
			<Add library="SDL.dll" />
			<Add library="user32" />
			<Add library="gdi32" />
			<Add library="winmm" />
			<Add library="dxguid" />
			<Add directory="$(#sdl.lib)" />
		</Linker>
		<Unit filename="Emu80SDL.rc">
			<Option compilerVar="WINDRES" />
		</Unit>
		<Unit filename="asm.h" />
		<Unit filename="dialogs.cpp" />
		<Unit filename="emu80.h" />
		<Unit filename="emu80.inc" />
		<Unit filename="emucore.asm">
			<Option compiler="gcc" use="1" buildCommand="nasm -f win32 -Dwin32 $file -o $object" />
		</Unit>
		<Unit filename="emuinit.cpp" />
		<Unit filename="emuinit.h" />
		<Unit filename="emuio.asm">
			<Option compiler="gcc" use="1" buildCommand="nasm -f win32 -Dwin32 $file -o $object" />
		</Unit>
		<Unit filename="emukeyb.asm">
			<Option compiler="gcc" use="1" buildCommand="nasm -f win32 -Dwin32 $file -o $object" />
		</Unit>
		<Unit filename="emulation.cpp" />
		<Unit filename="emulation.h" />
		<Unit filename="emumisc.asm">
			<Option compiler="gcc" use="1" buildCommand="nasm -f win32 -Dwin32 $file -o $object" />
		</Unit>
		<Unit filename="emurom.asm">
			<Option compiler="gcc" use="1" buildCommand="nasm -f win32 -Dwin32 $file -o $object" />
		</Unit>
		<Unit filename="i8080.cpp" />
		<Unit filename="i8080.h" />
		<Unit filename="i8080_hal.cpp" />
		<Unit filename="i8080_hal.h" />
		<Unit filename="interf.asm">
			<Option compiler="gcc" use="1" buildCommand="nasm -f win32 -Dwin32 $file -o $object" />
		</Unit>
		<Unit filename="io_device.cpp" />
		<Unit filename="io_device.h" />
		<Unit filename="io_vg93.cpp" />
		<Unit filename="io_vg93.h" />
		<Unit filename="io_vi53.cpp" />
		<Unit filename="io_vi53.h" />
		<Unit filename="io_vt57.cpp" />
		<Unit filename="io_vt57.h" />
		<Unit filename="io_vv55.cpp" />
		<Unit filename="io_vv55.h" />
		<Unit filename="main.cpp" />
		<Unit filename="main.h" />
		<Unit filename="mem_plain.cpp" />
		<Unit filename="mem_plain.h" />
		<Unit filename="memory.cpp" />
		<Unit filename="memory.h" />
		<Unit filename="menus.cpp" />
		<Unit filename="menus.h" />
		<Unit filename="misc.cpp" />
		<Unit filename="misc.h" />
		<Unit filename="platform.cpp" />
		<Unit filename="platform.h" />
		<Unit filename="rk86.cpp" />
		<Unit filename="rk86.h" />
		<Unit filename="rss.h" />
		<Unit filename="scrdraw.cpp" />
		<Unit filename="scrdraw.h" />
		<Unit filename="sdllayer.cpp" />
		<Unit filename="sdllayer.h" />
		<Unit filename="sound.cpp" />
		<Unit filename="sound.h" />
		<Extensions>
			<code_completion />
			<envvars />
			<debugger />
			<DoxyBlocks>
				<comment_style block="0" line="0" />
				<doxyfile_project />
				<doxyfile_build />
				<doxyfile_warnings />
				<doxyfile_output />
				<doxyfile_dot />
				<general />
			</DoxyBlocks>
		</Extensions>
	</Project>
</CodeBlocks_project_file>
